// !$*UTF8*$!
{
	archiveVersion = 1;
	classes = {
	};
	objectVersion = 77;
	objects = {

/* Begin PBXBuildFile section */
		1DDB21CF7D9FDACD328DC497 /* Pods_UnLateBoard_UnLateBoardUITests.framework in Frameworks */ = {isa = PBXBuildFile; fileRef = 0941E6EFA2FC73F0C1669628 /* Pods_UnLateBoard_UnLateBoardUITests.framework */; };
		6D9729B2B2A05653614781E1 /* Pods_UnLateBoard.framework in Frameworks */ = {isa = PBXBuildFile; fileRef = E2D0317A7B4448B59E6D11A3 /* Pods_UnLateBoard.framework */; };
		842073F0A81E584B80EAA6D3 /* Pods_UnLateBoardTests.framework in Frameworks */ = {isa = PBXBuildFile; fileRef = 14E7EA622220D4F689161878 /* Pods_UnLateBoardTests.framework */; };
/* End PBXBuildFile section */

/* Begin PBXContainerItemProxy section */
		58584E842DBD9605003F68CC /* PBXContainerItemProxy */ = {
			isa = PBXContainerItemProxy;
			containerPortal = 58584E6E2DBD9603003F68CC /* Project object */;
			proxyType = 1;
			remoteGlobalIDString = 58584E752DBD9603003F68CC;
			remoteInfo = UnLateBoard;
		};
		58584E8E2DBD9605003F68CC /* PBXContainerItemProxy */ = {
			isa = PBXContainerItemProxy;
			containerPortal = 58584E6E2DBD9603003F68CC /* Project object */;
			proxyType = 1;
			remoteGlobalIDString = 58584E752DBD9603003F68CC;
			remoteInfo = UnLateBoard;
		};
/* End PBXContainerItemProxy section */

/* Begin PBXFileReference section */
		0941E6EFA2FC73F0C1669628 /* Pods_UnLateBoard_UnLateBoardUITests.framework */ = {isa = PBXFileReference; explicitFileType = wrapper.framework; includeInIndex = 0; path = Pods_UnLateBoard_UnLateBoardUITests.framework; sourceTree = BUILT_PRODUCTS_DIR; };
		14E7EA622220D4F689161878 /* Pods_UnLateBoardTests.framework */ = {isa = PBXFileReference; explicitFileType = wrapper.framework; includeInIndex = 0; path = Pods_UnLateBoardTests.framework; sourceTree = BUILT_PRODUCTS_DIR; };
		2813A6CFB582B68352C1EF05 /* Pods-UnLateBoard-UnLateBoardUITests.release.xcconfig */ = {isa = PBXFileReference; includeInIndex = 1; lastKnownFileType = text.xcconfig; name = "Pods-UnLateBoard-UnLateBoardUITests.release.xcconfig"; path = "Target Support Files/Pods-UnLateBoard-UnLateBoardUITests/Pods-UnLateBoard-UnLateBoardUITests.release.xcconfig"; sourceTree = "<group>"; };
		4B2514770D3AC9DBE0C60971 /* Pods-UnLateBoard.debug.xcconfig */ = {isa = PBXFileReference; includeInIndex = 1; lastKnownFileType = text.xcconfig; name = "Pods-UnLateBoard.debug.xcconfig"; path = "Target Support Files/Pods-UnLateBoard/Pods-UnLateBoard.debug.xcconfig"; sourceTree = "<group>"; };
		58076C0A2DFEA94000FF7D24 /* GoogleMapsSwiftUI.xcodeproj */ = {isa = PBXFileReference; lastKnownFileType = "wrapper.pb-project"; path = GoogleMapsSwiftUI.xcodeproj; sourceTree = "<group>"; };
		5833133D2DFE987400DB415F /* GoogleMapsSwiftUI.xcodeproj */ = {isa = PBXFileReference; lastKnownFileType = "wrapper.pb-project"; path = GoogleMapsSwiftUI.xcodeproj; sourceTree = "<group>"; };
		583C8E1B2E2394E5001C5837 /* GoogleMapsSwiftUI.xcodeproj */ = {isa = PBXFileReference; lastKnownFileType = "wrapper.pb-project"; path = GoogleMapsSwiftUI.xcodeproj; sourceTree = "<group>"; };
		583D65762DFEA70100308E0F /* GoogleMapsSwiftUI.xcodeproj */ = {isa = PBXFileReference; lastKnownFileType = "wrapper.pb-project"; path = GoogleMapsSwiftUI.xcodeproj; sourceTree = "<group>"; };
		5854A76E2DFEA48500FB6BE3 /* GoogleMapsSwiftUI.xcodeproj */ = {isa = PBXFileReference; lastKnownFileType = "wrapper.pb-project"; path = GoogleMapsSwiftUI.xcodeproj; sourceTree = "<group>"; };
		5854A79E2DFEA4B500FB6BE3 /* UnLateBoard.xcodeproj */ = {isa = PBXFileReference; lastKnownFileType = "wrapper.pb-project"; path = UnLateBoard.xcodeproj; sourceTree = "<group>"; };
		58584E762DBD9603003F68CC /* UnLateBoard.app */ = {isa = PBXFileReference; explicitFileType = wrapper.application; includeInIndex = 0; path = UnLateBoard.app; sourceTree = BUILT_PRODUCTS_DIR; };
		58584E832DBD9605003F68CC /* UnLateBoardTests.xctest */ = {isa = PBXFileReference; explicitFileType = wrapper.cfbundle; includeInIndex = 0; path = UnLateBoardTests.xctest; sourceTree = BUILT_PRODUCTS_DIR; };
		58584E8D2DBD9605003F68CC /* UnLateBoardUITests.xctest */ = {isa = PBXFileReference; explicitFileType = wrapper.cfbundle; includeInIndex = 0; path = UnLateBoardUITests.xctest; sourceTree = BUILT_PRODUCTS_DIR; };
		5882A87C2DFFA0AE0012D5A2 /* GoogleMapsSwiftUI.xcodeproj */ = {isa = PBXFileReference; lastKnownFileType = "wrapper.pb-project"; path = GoogleMapsSwiftUI.xcodeproj; sourceTree = "<group>"; };
		5882A8DD2E08157E0012D5A2 /* GoogleMapsSwiftUI.xcodeproj */ = {isa = PBXFileReference; lastKnownFileType = "wrapper.pb-project"; path = GoogleMapsSwiftUI.xcodeproj; sourceTree = "<group>"; };
		589C03572E23801D00266710 /* GoogleMapsSwiftUI.xcodeproj */ = {isa = PBXFileReference; lastKnownFileType = "wrapper.pb-project"; path = GoogleMapsSwiftUI.xcodeproj; sourceTree = "<group>"; };
		589C04142E23930D00266710 /* GoogleMapsSwiftUI.xcodeproj */ = {isa = PBXFileReference; lastKnownFileType = "wrapper.pb-project"; path = GoogleMapsSwiftUI.xcodeproj; sourceTree = "<group>"; };
		589C04762E2393D600266710 /* GoogleMapsSwiftUI.xcodeproj */ = {isa = PBXFileReference; lastKnownFileType = "wrapper.pb-project"; path = GoogleMapsSwiftUI.xcodeproj; sourceTree = "<group>"; };
		58D640792E1A099A00241AB2 /* GoogleMapsSwiftUI.xcodeproj */ = {isa = PBXFileReference; lastKnownFileType = "wrapper.pb-project"; path = GoogleMapsSwiftUI.xcodeproj; sourceTree = "<group>"; };
		601EF26B040E89CB5EA64A5E /* Pods-UnLateBoardTests.release.xcconfig */ = {isa = PBXFileReference; includeInIndex = 1; lastKnownFileType = text.xcconfig; name = "Pods-UnLateBoardTests.release.xcconfig"; path = "Target Support Files/Pods-UnLateBoardTests/Pods-UnLateBoardTests.release.xcconfig"; sourceTree = "<group>"; };
		A3B389DB7895EAEE040DD1C9 /* Pods-UnLateBoardTests.debug.xcconfig */ = {isa = PBXFileReference; includeInIndex = 1; lastKnownFileType = text.xcconfig; name = "Pods-UnLateBoardTests.debug.xcconfig"; path = "Target Support Files/Pods-UnLateBoardTests/Pods-UnLateBoardTests.debug.xcconfig"; sourceTree = "<group>"; };
		A9097900ED0E228BC3724530 /* Pods-UnLateBoard-UnLateBoardUITests.debug.xcconfig */ = {isa = PBXFileReference; includeInIndex = 1; lastKnownFileType = text.xcconfig; name = "Pods-UnLateBoard-UnLateBoardUITests.debug.xcconfig"; path = "Target Support Files/Pods-UnLateBoard-UnLateBoardUITests/Pods-UnLateBoard-UnLateBoardUITests.debug.xcconfig"; sourceTree = "<group>"; };
		CB4A04A50C9A3878C76FBA40 /* Pods-UnLateBoard.release.xcconfig */ = {isa = PBXFileReference; includeInIndex = 1; lastKnownFileType = text.xcconfig; name = "Pods-UnLateBoard.release.xcconfig"; path = "Target Support Files/Pods-UnLateBoard/Pods-UnLateBoard.release.xcconfig"; sourceTree = "<group>"; };
		E2D0317A7B4448B59E6D11A3 /* Pods_UnLateBoard.framework */ = {isa = PBXFileReference; explicitFileType = wrapper.framework; includeInIndex = 0; path = Pods_UnLateBoard.framework; sourceTree = BUILT_PRODUCTS_DIR; };
/* End PBXFileReference section */

/* Begin PBXFileSystemSynchronizedBuildFileExceptionSet section */
		58FF16322DD88EDC007F6F0F /* Exceptions for "UnLateBoard" folder in "UnLateBoard" target */ = {
			isa = PBXFileSystemSynchronizedBuildFileExceptionSet;
			membershipExceptions = (
				"/Localized: GoogleMapsSwiftUI/GoogleMapsSwiftUI/LaunchScreen.storyboard",
				GoogleMapsSwiftUI/Cartfile,
				GoogleMapsSwiftUI/Cartfile.resolved,
				GoogleMapsSwiftUI/GoogleMapsSwiftUI/AppDelegate.swift,
				GoogleMapsSwiftUI/GoogleMapsSwiftUI/Assets.xcassets,
				GoogleMapsSwiftUI/GoogleMapsSwiftUI/City.swift,
				GoogleMapsSwiftUI/GoogleMapsSwiftUI/GoogleMaps.bundle,
				GoogleMapsSwiftUI/GoogleMapsSwiftUI/Info.plist,
				GoogleMapsSwiftUI/GoogleMapsSwiftUI/MapView.swift,
				GoogleMapsSwiftUI/GoogleMapsSwiftUI/MapViewController.swift,
				GoogleMapsSwiftUI/GoogleMapsSwiftUI/MapViewControllerBridge.swift,
				"GoogleMapsSwiftUI/GoogleMapsSwiftUI/Preview Content/Preview Assets.xcassets",
				GoogleMapsSwiftUI/GoogleMapsSwiftUI/SceneDelegate.swift,
				Info.plist,
			);
			target = 58584E752DBD9603003F68CC /* UnLateBoard */;
		};
/* End PBXFileSystemSynchronizedBuildFileExceptionSet section */

/* Begin PBXFileSystemSynchronizedRootGroup section */
		58584E782DBD9603003F68CC /* UnLateBoard */ = {
			isa = PBXFileSystemSynchronizedRootGroup;
			exceptions = (
				58FF16322DD88EDC007F6F0F /* Exceptions for "UnLateBoard" folder in "UnLateBoard" target */,
			);
			path = UnLateBoard;
			sourceTree = "<group>";
		};
		58584E862DBD9605003F68CC /* UnLateBoardTests */ = {
			isa = PBXFileSystemSynchronizedRootGroup;
			path = UnLateBoardTests;
			sourceTree = "<group>";
		};
		58584E902DBD9605003F68CC /* UnLateBoardUITests */ = {
			isa = PBXFileSystemSynchronizedRootGroup;
			path = UnLateBoardUITests;
			sourceTree = "<group>";
		};
/* End PBXFileSystemSynchronizedRootGroup section */

/* Begin PBXFrameworksBuildPhase section */
		58584E732DBD9603003F68CC /* Frameworks */ = {
			isa = PBXFrameworksBuildPhase;
			buildActionMask = 2147483647;
			files = (
				6D9729B2B2A05653614781E1 /* Pods_UnLateBoard.framework in Frameworks */,
			);
			runOnlyForDeploymentPostprocessing = 0;
		};
		58584E802DBD9605003F68CC /* Frameworks */ = {
			isa = PBXFrameworksBuildPhase;
			buildActionMask = 2147483647;
			files = (
				842073F0A81E584B80EAA6D3 /* Pods_UnLateBoardTests.framework in Frameworks */,
			);
			runOnlyForDeploymentPostprocessing = 0;
		};
		58584E8A2DBD9605003F68CC /* Frameworks */ = {
			isa = PBXFrameworksBuildPhase;
			buildActionMask = 2147483647;
			files = (
				1DDB21CF7D9FDACD328DC497 /* Pods_UnLateBoard_UnLateBoardUITests.framework in Frameworks */,
			);
			runOnlyForDeploymentPostprocessing = 0;
		};
/* End PBXFrameworksBuildPhase section */

/* Begin PBXGroup section */
		58076C172DFEA94000FF7D24 /* Products */ = {
			isa = PBXGroup;
			children = (
			);
			name = Products;
			sourceTree = "<group>";
		};
		5833133F2DFE987400DB415F /* Products */ = {
			isa = PBXGroup;
			children = (
			);
			name = Products;
			sourceTree = "<group>";
		};
		583C8E322E2394E5001C5837 /* Products */ = {
			isa = PBXGroup;
			children = (
			);
			name = Products;
			sourceTree = "<group>";
		};
		583D65832DFEA70100308E0F /* Products */ = {
			isa = PBXGroup;
			children = (
			);
			name = Products;
			sourceTree = "<group>";
		};
		5854A77B2DFEA48500FB6BE3 /* Products */ = {
			isa = PBXGroup;
			children = (
			);
			name = Products;
			sourceTree = "<group>";
		};
		5854A79F2DFEA4B500FB6BE3 /* Products */ = {
			isa = PBXGroup;
			children = (
			);
			name = Products;
			sourceTree = "<group>";
		};
		58584E6D2DBD9603003F68CC = {
			isa = PBXGroup;
			children = (
				5854A79E2DFEA4B500FB6BE3 /* UnLateBoard.xcodeproj */,
				58584E782DBD9603003F68CC /* UnLateBoard */,
				58584E862DBD9605003F68CC /* UnLateBoardTests */,
				58584E902DBD9605003F68CC /* UnLateBoardUITests */,
				58584E772DBD9603003F68CC /* Products */,
				B098CBF33FCAEE23BEBCA661 /* Pods */,
				D0C2DAD48B596D9B914F04BE /* Frameworks */,
			);
			sourceTree = "<group>";
		};
		58584E772DBD9603003F68CC /* Products */ = {
			isa = PBXGroup;
			children = (
				58584E762DBD9603003F68CC /* UnLateBoard.app */,
				58584E832DBD9605003F68CC /* UnLateBoardTests.xctest */,
				58584E8D2DBD9605003F68CC /* UnLateBoardUITests.xctest */,
			);
			name = Products;
			sourceTree = "<group>";
		};
		5882A8892DFFA0AE0012D5A2 /* Products */ = {
			isa = PBXGroup;
			children = (
			);
			name = Products;
			sourceTree = "<group>";
		};
		5882A8F12E08157E0012D5A2 /* Products */ = {
			isa = PBXGroup;
			children = (
			);
			name = Products;
			sourceTree = "<group>";
		};
		589C036C2E23801D00266710 /* Products */ = {
			isa = PBXGroup;
			children = (
			);
			name = Products;
			sourceTree = "<group>";
		};
		589C042D2E23930D00266710 /* Products */ = {
			isa = PBXGroup;
			children = (
			);
			name = Products;
			sourceTree = "<group>";
		};
		589C048E2E2393D600266710 /* Products */ = {
			isa = PBXGroup;
			children = (
			);
			name = Products;
			sourceTree = "<group>";
		};
		58D6408F2E1A099A00241AB2 /* Products */ = {
			isa = PBXGroup;
			children = (
			);
			name = Products;
			sourceTree = "<group>";
		};
		B098CBF33FCAEE23BEBCA661 /* Pods */ = {
			isa = PBXGroup;
			children = (
				4B2514770D3AC9DBE0C60971 /* Pods-UnLateBoard.debug.xcconfig */,
				CB4A04A50C9A3878C76FBA40 /* Pods-UnLateBoard.release.xcconfig */,
				A9097900ED0E228BC3724530 /* Pods-UnLateBoard-UnLateBoardUITests.debug.xcconfig */,
				2813A6CFB582B68352C1EF05 /* Pods-UnLateBoard-UnLateBoardUITests.release.xcconfig */,
				A3B389DB7895EAEE040DD1C9 /* Pods-UnLateBoardTests.debug.xcconfig */,
				601EF26B040E89CB5EA64A5E /* Pods-UnLateBoardTests.release.xcconfig */,
			);
			path = Pods;
			sourceTree = "<group>";
		};
		D0C2DAD48B596D9B914F04BE /* Frameworks */ = {
			isa = PBXGroup;
			children = (
				E2D0317A7B4448B59E6D11A3 /* Pods_UnLateBoard.framework */,
				0941E6EFA2FC73F0C1669628 /* Pods_UnLateBoard_UnLateBoardUITests.framework */,
				14E7EA622220D4F689161878 /* Pods_UnLateBoardTests.framework */,
			);
			name = Frameworks;
			sourceTree = "<group>";
		};
/* End PBXGroup section */

/* Begin PBXNativeTarget section */
		58584E752DBD9603003F68CC /* UnLateBoard */ = {
			isa = PBXNativeTarget;
			buildConfigurationList = 58584E972DBD9605003F68CC /* Build configuration list for PBXNativeTarget "UnLateBoard" */;
			buildPhases = (
				716FB6D6919E6F00926F84CF /* [CP] Check Pods Manifest.lock */,
				58584E722DBD9603003F68CC /* Sources */,
				58584E732DBD9603003F68CC /* Frameworks */,
				58584E742DBD9603003F68CC /* Resources */,
				FC7F26822C7BCFB8A45AA2CB /* [CP] Copy Pods Resources */,
			);
			buildRules = (
			);
			dependencies = (
			);
			fileSystemSynchronizedGroups = (
				58584E782DBD9603003F68CC /* UnLateBoard */,
			);
			name = UnLateBoard;
			productName = UnLateBoard;
			productReference = 58584E762DBD9603003F68CC /* UnLateBoard.app */;
			productType = "com.apple.product-type.application";
		};
		58584E822DBD9605003F68CC /* UnLateBoardTests */ = {
			isa = PBXNativeTarget;
			buildConfigurationList = 58584E9A2DBD9605003F68CC /* Build configuration list for PBXNativeTarget "UnLateBoardTests" */;
			buildPhases = (
				A4D3970EEEBAA687B58FC304 /* [CP] Check Pods Manifest.lock */,
				58584E7F2DBD9605003F68CC /* Sources */,
				58584E802DBD9605003F68CC /* Frameworks */,
				58584E812DBD9605003F68CC /* Resources */,
			);
			buildRules = (
			);
			dependencies = (
				58584E852DBD9605003F68CC /* PBXTargetDependency */,
			);
			fileSystemSynchronizedGroups = (
				58584E862DBD9605003F68CC /* UnLateBoardTests */,
			);
			name = UnLateBoardTests;
			productName = UnLateBoardTests;
			productReference = 58584E832DBD9605003F68CC /* UnLateBoardTests.xctest */;
			productType = "com.apple.product-type.bundle.unit-test";
		};
		58584E8C2DBD9605003F68CC /* UnLateBoardUITests */ = {
			isa = PBXNativeTarget;
			buildConfigurationList = 58584E9D2DBD9605003F68CC /* Build configuration list for PBXNativeTarget "UnLateBoardUITests" */;
			buildPhases = (
				13AB1C528EA3725C86B5B619 /* [CP] Check Pods Manifest.lock */,
				58584E892DBD9605003F68CC /* Sources */,
				58584E8A2DBD9605003F68CC /* Frameworks */,
				58584E8B2DBD9605003F68CC /* Resources */,
				B0736C47AE0493001C4D3056 /* [CP] Copy Pods Resources */,
			);
			buildRules = (
			);
			dependencies = (
				58584E8F2DBD9605003F68CC /* PBXTargetDependency */,
			);
			fileSystemSynchronizedGroups = (
				58584E902DBD9605003F68CC /* UnLateBoardUITests */,
			);
			name = UnLateBoardUITests;
			productName = UnLateBoardUITests;
			productReference = 58584E8D2DBD9605003F68CC /* UnLateBoardUITests.xctest */;
			productType = "com.apple.product-type.bundle.ui-testing";
		};
/* End PBXNativeTarget section */

/* Begin PBXProject section */
		58584E6E2DBD9603003F68CC /* Project object */ = {
			isa = PBXProject;
			attributes = {
				BuildIndependentTargetsInParallel = 1;
				LastSwiftUpdateCheck = 1630;
				LastUpgradeCheck = 1630;
				TargetAttributes = {
					58584E752DBD9603003F68CC = {
						CreatedOnToolsVersion = 16.3;
					};
					58584E822DBD9605003F68CC = {
						CreatedOnToolsVersion = 16.3;
						TestTargetID = 58584E752DBD9603003F68CC;
					};
					58584E8C2DBD9605003F68CC = {
						CreatedOnToolsVersion = 16.3;
						TestTargetID = 58584E752DBD9603003F68CC;
					};
				};
			};
			buildConfigurationList = 58584E712DBD9603003F68CC /* Build configuration list for PBXProject "UnLateBoard" */;
			developmentRegion = en;
			hasScannedForEncodings = 0;
			knownRegions = (
				en,
				Base,
			);
			mainGroup = 58584E6D2DBD9603003F68CC;
			minimizedProjectReferenceProxies = 1;
			preferredProjectObjectVersion = 77;
			productRefGroup = 58584E772DBD9603003F68CC /* Products */;
			projectDirPath = "";
			projectReferences = (
				{
					ProductGroup = 5854A77B2DFEA48500FB6BE3 /* Products */;
					ProjectRef = 5854A76E2DFEA48500FB6BE3 /* GoogleMapsSwiftUI.xcodeproj */;
				},
				{
					ProductGroup = 58076C172DFEA94000FF7D24 /* Products */;
					ProjectRef = 58076C0A2DFEA94000FF7D24 /* GoogleMapsSwiftUI.xcodeproj */;
				},
				{
					ProductGroup = 589C048E2E2393D600266710 /* Products */;
					ProjectRef = 589C04762E2393D600266710 /* GoogleMapsSwiftUI.xcodeproj */;
				},
				{
					ProductGroup = 583D65832DFEA70100308E0F /* Products */;
					ProjectRef = 583D65762DFEA70100308E0F /* GoogleMapsSwiftUI.xcodeproj */;
				},
				{
					ProductGroup = 5833133F2DFE987400DB415F /* Products */;
					ProjectRef = 5833133D2DFE987400DB415F /* GoogleMapsSwiftUI.xcodeproj */;
				},
				{
					ProductGroup = 5882A8892DFFA0AE0012D5A2 /* Products */;
					ProjectRef = 5882A87C2DFFA0AE0012D5A2 /* GoogleMapsSwiftUI.xcodeproj */;
				},
				{
					ProductGroup = 5882A8F12E08157E0012D5A2 /* Products */;
					ProjectRef = 5882A8DD2E08157E0012D5A2 /* GoogleMapsSwiftUI.xcodeproj */;
				},
				{
					ProductGroup = 58D6408F2E1A099A00241AB2 /* Products */;
					ProjectRef = 58D640792E1A099A00241AB2 /* GoogleMapsSwiftUI.xcodeproj */;
				},
				{
					ProductGroup = 589C036C2E23801D00266710 /* Products */;
					ProjectRef = 589C03572E23801D00266710 /* GoogleMapsSwiftUI.xcodeproj */;
				},
				{
					ProductGroup = 589C042D2E23930D00266710 /* Products */;
					ProjectRef = 589C04142E23930D00266710 /* GoogleMapsSwiftUI.xcodeproj */;
				},
				{
					ProductGroup = 583C8E322E2394E5001C5837 /* Products */;
					ProjectRef = 583C8E1B2E2394E5001C5837 /* GoogleMapsSwiftUI.xcodeproj */;
				},
				{
					ProductGroup = 5854A79F2DFEA4B500FB6BE3 /* Products */;
					ProjectRef = 5854A79E2DFEA4B500FB6BE3 /* UnLateBoard.xcodeproj */;
				},
			);
			projectRoot = "";
			targets = (
				58584E752DBD9603003F68CC /* UnLateBoard */,
				58584E822DBD9605003F68CC /* UnLateBoardTests */,
				58584E8C2DBD9605003F68CC /* UnLateBoardUITests */,
			);
		};
/* End PBXProject section */

/* Begin PBXResourcesBuildPhase section */
		58584E742DBD9603003F68CC /* Resources */ = {
			isa = PBXResourcesBuildPhase;
			buildActionMask = 2147483647;
			files = (
			);
			runOnlyForDeploymentPostprocessing = 0;
		};
		58584E812DBD9605003F68CC /* Resources */ = {
			isa = PBXResourcesBuildPhase;
			buildActionMask = 2147483647;
			files = (
			);
			runOnlyForDeploymentPostprocessing = 0;
		};
		58584E8B2DBD9605003F68CC /* Resources */ = {
			isa = PBXResourcesBuildPhase;
			buildActionMask = 2147483647;
			files = (
			);
			runOnlyForDeploymentPostprocessing = 0;
		};
/* End PBXResourcesBuildPhase section */

/* Begin PBXShellScriptBuildPhase section */
		13AB1C528EA3725C86B5B619 /* [CP] Check Pods Manifest.lock */ = {
			isa = PBXShellScriptBuildPhase;
			buildActionMask = 2147483647;
			files = (
			);
			inputFileListPaths = (
			);
			inputPaths = (
				"${PODS_PODFILE_DIR_PATH}/Podfile.lock",
				"${PODS_ROOT}/Manifest.lock",
			);
			name = "[CP] Check Pods Manifest.lock";
			outputFileListPaths = (
			);
			outputPaths = (
				"$(DERIVED_FILE_DIR)/Pods-UnLateBoard-UnLateBoardUITests-checkManifestLockResult.txt",
			);
			runOnlyForDeploymentPostprocessing = 0;
			shellPath = /bin/sh;
			shellScript = "diff \"${PODS_PODFILE_DIR_PATH}/Podfile.lock\" \"${PODS_ROOT}/Manifest.lock\" > /dev/null\nif [ $? != 0 ] ; then\n    # print error to STDERR\n    echo \"error: The sandbox is not in sync with the Podfile.lock. Run 'pod install' or update your CocoaPods installation.\" >&2\n    exit 1\nfi\n# This output is used by Xcode 'outputs' to avoid re-running this script phase.\necho \"SUCCESS\" > \"${SCRIPT_OUTPUT_FILE_0}\"\n";
			showEnvVarsInLog = 0;
		};
		716FB6D6919E6F00926F84CF /* [CP] Check Pods Manifest.lock */ = {
			isa = PBXShellScriptBuildPhase;
			buildActionMask = 2147483647;
			files = (
			);
			inputFileListPaths = (
			);
			inputPaths = (
				"${PODS_PODFILE_DIR_PATH}/Podfile.lock",
				"${PODS_ROOT}/Manifest.lock",
			);
			name = "[CP] Check Pods Manifest.lock";
			outputFileListPaths = (
			);
			outputPaths = (
				"$(DERIVED_FILE_DIR)/Pods-UnLateBoard-checkManifestLockResult.txt",
			);
			runOnlyForDeploymentPostprocessing = 0;
			shellPath = /bin/sh;
			shellScript = "diff \"${PODS_PODFILE_DIR_PATH}/Podfile.lock\" \"${PODS_ROOT}/Manifest.lock\" > /dev/null\nif [ $? != 0 ] ; then\n    # print error to STDERR\n    echo \"error: The sandbox is not in sync with the Podfile.lock. Run 'pod install' or update your CocoaPods installation.\" >&2\n    exit 1\nfi\n# This output is used by Xcode 'outputs' to avoid re-running this script phase.\necho \"SUCCESS\" > \"${SCRIPT_OUTPUT_FILE_0}\"\n";
			showEnvVarsInLog = 0;
		};
		A4D3970EEEBAA687B58FC304 /* [CP] Check Pods Manifest.lock */ = {
			isa = PBXShellScriptBuildPhase;
			buildActionMask = 2147483647;
			files = (
			);
			inputFileListPaths = (
			);
			inputPaths = (
				"${PODS_PODFILE_DIR_PATH}/Podfile.lock",
				"${PODS_ROOT}/Manifest.lock",
			);
			name = "[CP] Check Pods Manifest.lock";
			outputFileListPaths = (
			);
			outputPaths = (
				"$(DERIVED_FILE_DIR)/Pods-UnLateBoardTests-checkManifestLockResult.txt",
			);
			runOnlyForDeploymentPostprocessing = 0;
			shellPath = /bin/sh;
			shellScript = "diff \"${PODS_PODFILE_DIR_PATH}/Podfile.lock\" \"${PODS_ROOT}/Manifest.lock\" > /dev/null\nif [ $? != 0 ] ; then\n    # print error to STDERR\n    echo \"error: The sandbox is not in sync with the Podfile.lock. Run 'pod install' or update your CocoaPods installation.\" >&2\n    exit 1\nfi\n# This output is used by Xcode 'outputs' to avoid re-running this script phase.\necho \"SUCCESS\" > \"${SCRIPT_OUTPUT_FILE_0}\"\n";
			showEnvVarsInLog = 0;
		};
		B0736C47AE0493001C4D3056 /* [CP] Copy Pods Resources */ = {
			isa = PBXShellScriptBuildPhase;
			buildActionMask = 2147483647;
			files = (
			);
			inputFileListPaths = (
				"${PODS_ROOT}/Target Support Files/Pods-UnLateBoard-UnLateBoardUITests/Pods-UnLateBoard-UnLateBoardUITests-resources-${CONFIGURATION}-input-files.xcfilelist",
			);
			inputPaths = (
			);
			name = "[CP] Copy Pods Resources";
			outputFileListPaths = (
				"${PODS_ROOT}/Target Support Files/Pods-UnLateBoard-UnLateBoardUITests/Pods-UnLateBoard-UnLateBoardUITests-resources-${CONFIGURATION}-output-files.xcfilelist",
			);
			outputPaths = (
			);
			runOnlyForDeploymentPostprocessing = 0;
			shellPath = /bin/sh;
			shellScript = "\"${PODS_ROOT}/Target Support Files/Pods-UnLateBoard-UnLateBoardUITests/Pods-UnLateBoard-UnLateBoardUITests-resources.sh\"\n";
			showEnvVarsInLog = 0;
		};
		FC7F26822C7BCFB8A45AA2CB /* [CP] Copy Pods Resources */ = {
			isa = PBXShellScriptBuildPhase;
			buildActionMask = 2147483647;
			files = (
			);
			inputFileListPaths = (
				"${PODS_ROOT}/Target Support Files/Pods-UnLateBoard/Pods-UnLateBoard-resources-${CONFIGURATION}-input-files.xcfilelist",
			);
			inputPaths = (
			);
			name = "[CP] Copy Pods Resources";
			outputFileListPaths = (
				"${PODS_ROOT}/Target Support Files/Pods-UnLateBoard/Pods-UnLateBoard-resources-${CONFIGURATION}-output-files.xcfilelist",
			);
			outputPaths = (
			);
			runOnlyForDeploymentPostprocessing = 0;
			shellPath = /bin/sh;
			shellScript = "\"${PODS_ROOT}/Target Support Files/Pods-UnLateBoard/Pods-UnLateBoard-resources.sh\"\n";
			showEnvVarsInLog = 0;
		};
/* End PBXShellScriptBuildPhase section */

/* Begin PBXSourcesBuildPhase section */
		58584E722DBD9603003F68CC /* Sources */ = {
			isa = PBXSourcesBuildPhase;
			buildActionMask = 2147483647;
			files = (
			);
			runOnlyForDeploymentPostprocessing = 0;
		};
		58584E7F2DBD9605003F68CC /* Sources */ = {
			isa = PBXSourcesBuildPhase;
			buildActionMask = 2147483647;
			files = (
			);
			runOnlyForDeploymentPostprocessing = 0;
		};
		58584E892DBD9605003F68CC /* Sources */ = {
			isa = PBXSourcesBuildPhase;
			buildActionMask = 2147483647;
			files = (
			);
			runOnlyForDeploymentPostprocessing = 0;
		};
/* End PBXSourcesBuildPhase section */

/* Begin PBXTargetDependency section */
		58584E852DBD9605003F68CC /* PBXTargetDependency */ = {
			isa = PBXTargetDependency;
			target = 58584E752DBD9603003F68CC /* UnLateBoard */;
			targetProxy = 58584E842DBD9605003F68CC /* PBXContainerItemProxy */;
		};
		58584E8F2DBD9605003F68CC /* PBXTargetDependency */ = {
			isa = PBXTargetDependency;
			target = 58584E752DBD9603003F68CC /* UnLateBoard */;
			targetProxy = 58584E8E2DBD9605003F68CC /* PBXContainerItemProxy */;
		};
/* End PBXTargetDependency section */

/* Begin XCBuildConfiguration section */
		58584E952DBD9605003F68CC /* Debug */ = {
			isa = XCBuildConfiguration;
			buildSettings = {
				ALWAYS_SEARCH_USER_PATHS = NO;
				ASSETCATALOG_COMPILER_GENERATE_SWIFT_ASSET_SYMBOL_EXTENSIONS = YES;
				CLANG_ANALYZER_NONNULL = YES;
				CLANG_ANALYZER_NUMBER_OBJECT_CONVERSION = YES_AGGRESSIVE;
				CLANG_CXX_LANGUAGE_STANDARD = "gnu++20";
				CLANG_ENABLE_MODULES = YES;
				CLANG_ENABLE_OBJC_ARC = YES;
				CLANG_ENABLE_OBJC_WEAK = YES;
				CLANG_WARN_BLOCK_CAPTURE_AUTORELEASING = YES;
				CLANG_WARN_BOOL_CONVERSION = YES;
				CLANG_WARN_COMMA = YES;
				CLANG_WARN_CONSTANT_CONVERSION = YES;
				CLANG_WARN_DEPRECATED_OBJC_IMPLEMENTATIONS = YES;
				CLANG_WARN_DIRECT_OBJC_ISA_USAGE = YES_ERROR;
				CLANG_WARN_DOCUMENTATION_COMMENTS = YES;
				CLANG_WARN_EMPTY_BODY = YES;
				CLANG_WARN_ENUM_CONVERSION = YES;
				CLANG_WARN_INFINITE_RECURSION = YES;
				CLANG_WARN_INT_CONVERSION = YES;
				CLANG_WARN_NON_LITERAL_NULL_CONVERSION = YES;
				CLANG_WARN_OBJC_IMPLICIT_RETAIN_SELF = YES;
				CLANG_WARN_OBJC_LITERAL_CONVERSION = YES;
				CLANG_WARN_OBJC_ROOT_CLASS = YES_ERROR;
				CLANG_WARN_QUOTED_INCLUDE_IN_FRAMEWORK_HEADER = YES;
				CLANG_WARN_RANGE_LOOP_ANALYSIS = YES;
				CLANG_WARN_STRICT_PROTOTYPES = YES;
				CLANG_WARN_SUSPICIOUS_MOVE = YES;
				CLANG_WARN_UNGUARDED_AVAILABILITY = YES_AGGRESSIVE;
				CLANG_WARN_UNREACHABLE_CODE = YES;
				CLANG_WARN__DUPLICATE_METHOD_MATCH = YES;
				COPY_PHASE_STRIP = NO;
				DEBUG_INFORMATION_FORMAT = dwarf;
				ENABLE_STRICT_OBJC_MSGSEND = YES;
				ENABLE_TESTABILITY = YES;
				ENABLE_USER_SCRIPT_SANDBOXING = NO;
				GCC_C_LANGUAGE_STANDARD = gnu17;
				GCC_DYNAMIC_NO_PIC = NO;
				GCC_NO_COMMON_BLOCKS = YES;
				GCC_OPTIMIZATION_LEVEL = 0;
				GCC_PREPROCESSOR_DEFINITIONS = (
					"DEBUG=1",
					"$(inherited)",
				);
				GCC_WARN_64_TO_32_BIT_CONVERSION = YES;
				GCC_WARN_ABOUT_RETURN_TYPE = YES_ERROR;
				GCC_WARN_UNDECLARED_SELECTOR = YES;
				GCC_WARN_UNINITIALIZED_AUTOS = YES_AGGRESSIVE;
				GCC_WARN_UNUSED_FUNCTION = YES;
				GCC_WARN_UNUSED_VARIABLE = YES;
				IPHONEOS_DEPLOYMENT_TARGET = 18.4;
				LOCALIZATION_PREFERS_STRING_CATALOGS = YES;
				MTL_ENABLE_DEBUG_INFO = INCLUDE_SOURCE;
				MTL_FAST_MATH = YES;
				ONLY_ACTIVE_ARCH = YES;
				SDKROOT = iphoneos;
				SWIFT_ACTIVE_COMPILATION_CONDITIONS = "DEBUG $(inherited)";
				SWIFT_OPTIMIZATION_LEVEL = "-Onone";
			};
			name = Debug;
		};
		58584E962DBD9605003F68CC /* Release */ = {
			isa = XCBuildConfiguration;
			buildSettings = {
				ALWAYS_SEARCH_USER_PATHS = NO;
				ASSETCATALOG_COMPILER_GENERATE_SWIFT_ASSET_SYMBOL_EXTENSIONS = YES;
				CLANG_ANALYZER_NONNULL = YES;
				CLANG_ANALYZER_NUMBER_OBJECT_CONVERSION = YES_AGGRESSIVE;
				CLANG_CXX_LANGUAGE_STANDARD = "gnu++20";
				CLANG_ENABLE_MODULES = YES;
				CLANG_ENABLE_OBJC_ARC = YES;
				CLANG_ENABLE_OBJC_WEAK = YES;
				CLANG_WARN_BLOCK_CAPTURE_AUTORELEASING = YES;
				CLANG_WARN_BOOL_CONVERSION = YES;
				CLANG_WARN_COMMA = YES;
				CLANG_WARN_CONSTANT_CONVERSION = YES;
				CLANG_WARN_DEPRECATED_OBJC_IMPLEMENTATIONS = YES;
				CLANG_WARN_DIRECT_OBJC_ISA_USAGE = YES_ERROR;
				CLANG_WARN_DOCUMENTATION_COMMENTS = YES;
				CLANG_WARN_EMPTY_BODY = YES;
				CLANG_WARN_ENUM_CONVERSION = YES;
				CLANG_WARN_INFINITE_RECURSION = YES;
				CLANG_WARN_INT_CONVERSION = YES;
				CLANG_WARN_NON_LITERAL_NULL_CONVERSION = YES;
				CLANG_WARN_OBJC_IMPLICIT_RETAIN_SELF = YES;
				CLANG_WARN_OBJC_LITERAL_CONVERSION = YES;
				CLANG_WARN_OBJC_ROOT_CLASS = YES_ERROR;
				CLANG_WARN_QUOTED_INCLUDE_IN_FRAMEWORK_HEADER = YES;
				CLANG_WARN_RANGE_LOOP_ANALYSIS = YES;
				CLANG_WARN_STRICT_PROTOTYPES = YES;
				CLANG_WARN_SUSPICIOUS_MOVE = YES;
				CLANG_WARN_UNGUARDED_AVAILABILITY = YES_AGGRESSIVE;
				CLANG_WARN_UNREACHABLE_CODE = YES;
				CLANG_WARN__DUPLICATE_METHOD_MATCH = YES;
				COPY_PHASE_STRIP = NO;
				DEBUG_INFORMATION_FORMAT = "dwarf-with-dsym";
				ENABLE_NS_ASSERTIONS = NO;
				ENABLE_STRICT_OBJC_MSGSEND = YES;
				ENABLE_USER_SCRIPT_SANDBOXING = NO;
				GCC_C_LANGUAGE_STANDARD = gnu17;
				GCC_NO_COMMON_BLOCKS = YES;
				GCC_WARN_64_TO_32_BIT_CONVERSION = YES;
				GCC_WARN_ABOUT_RETURN_TYPE = YES_ERROR;
				GCC_WARN_UNDECLARED_SELECTOR = YES;
				GCC_WARN_UNINITIALIZED_AUTOS = YES_AGGRESSIVE;
				GCC_WARN_UNUSED_FUNCTION = YES;
				GCC_WARN_UNUSED_VARIABLE = YES;
				IPHONEOS_DEPLOYMENT_TARGET = 18.4;
				LOCALIZATION_PREFERS_STRING_CATALOGS = YES;
				MTL_ENABLE_DEBUG_INFO = NO;
				MTL_FAST_MATH = YES;
				SDKROOT = iphoneos;
				SWIFT_COMPILATION_MODE = wholemodule;
				VALIDATE_PRODUCT = YES;
			};
			name = Release;
		};
		58584E982DBD9605003F68CC /* Debug */ = {
			isa = XCBuildConfiguration;
			baseConfigurationReference = 4B2514770D3AC9DBE0C60971 /* Pods-UnLateBoard.debug.xcconfig */;
			buildSettings = {
				ASSETCATALOG_COMPILER_APPICON_NAME = AppIcon;
				ASSETCATALOG_COMPILER_GLOBAL_ACCENT_COLOR_NAME = AccentColor;
				CODE_SIGN_STYLE = Automatic;
				CURRENT_PROJECT_VERSION = 1;
				DEVELOPMENT_TEAM = HMHL9NH33Y;
				ENABLE_PREVIEWS = YES;
				GENERATE_INFOPLIST_FILE = YES;
				INFOPLIST_FILE = UnLateBoard/Info.plist;
				INFOPLIST_KEY_NSBluetoothAlwaysUsageDescription = "Product uses bluetooth communication for skateboard";
				INFOPLIST_KEY_NSCameraUsageDescription = "This product uses Camera use for image classiification";
				INFOPLIST_KEY_NSLocationWhenInUseUsageDescription = "App needs location for maps";
				INFOPLIST_KEY_UIApplicationSceneManifest_Generation = YES;
				INFOPLIST_KEY_UIApplicationSupportsIndirectInputEvents = YES;
				INFOPLIST_KEY_UILaunchScreen_Generation = YES;
				INFOPLIST_KEY_UISupportedInterfaceOrientations_iPad = "UIInterfaceOrientationPortrait UIInterfaceOrientationPortraitUpsideDown UIInterfaceOrientationLandscapeLeft UIInterfaceOrientationLandscapeRight";
				INFOPLIST_KEY_UISupportedInterfaceOrientations_iPhone = "UIInterfaceOrientationPortrait UIInterfaceOrientationLandscapeLeft UIInterfaceOrientationLandscapeRight";
				LD_RUNPATH_SEARCH_PATHS = (
					"$(inherited)",
					"@executable_path/Frameworks",
				);
				MARKETING_VERSION = 1.0;
				PRODUCT_BUNDLE_IDENTIFIER = UnlateBoard.UnLateBoard;
				PRODUCT_NAME = "$(TARGET_NAME)";
				SWIFT_EMIT_LOC_STRINGS = YES;
				SWIFT_VERSION = 5.0;
				TARGETED_DEVICE_FAMILY = "1,2";
			};
			name = Debug;
		};
		58584E992DBD9605003F68CC /* Release */ = {
			isa = XCBuildConfiguration;
			baseConfigurationReference = CB4A04A50C9A3878C76FBA40 /* Pods-UnLateBoard.release.xcconfig */;
			buildSettings = {
				ASSETCATALOG_COMPILER_APPICON_NAME = AppIcon;
				ASSETCATALOG_COMPILER_GLOBAL_ACCENT_COLOR_NAME = AccentColor;
				CODE_SIGN_STYLE = Automatic;
				CURRENT_PROJECT_VERSION = 1;
				DEVELOPMENT_TEAM = HMHL9NH33Y;
				ENABLE_PREVIEWS = YES;
				GENERATE_INFOPLIST_FILE = YES;
				INFOPLIST_FILE = UnLateBoard/Info.plist;
				INFOPLIST_KEY_NSBluetoothAlwaysUsageDescription = "Product uses bluetooth communication for skateboard";
				INFOPLIST_KEY_NSCameraUsageDescription = "This product uses Camera use for image classiification";
				INFOPLIST_KEY_NSLocationWhenInUseUsageDescription = "App needs location for maps";
				INFOPLIST_KEY_UIApplicationSceneManifest_Generation = YES;
				INFOPLIST_KEY_UIApplicationSupportsIndirectInputEvents = YES;
				INFOPLIST_KEY_UILaunchScreen_Generation = YES;
				INFOPLIST_KEY_UISupportedInterfaceOrientations_iPad = "UIInterfaceOrientationPortrait UIInterfaceOrientationPortraitUpsideDown UIInterfaceOrientationLandscapeLeft UIInterfaceOrientationLandscapeRight";
				INFOPLIST_KEY_UISupportedInterfaceOrientations_iPhone = "UIInterfaceOrientationPortrait UIInterfaceOrientationLandscapeLeft UIInterfaceOrientationLandscapeRight";
				LD_RUNPATH_SEARCH_PATHS = (
					"$(inherited)",
					"@executable_path/Frameworks",
				);
				MARKETING_VERSION = 1.0;
				"PODS_XCFRAMEWORKS_BUILD_DIR[arch=*]" = "$(PODS_CONFIGURATION_BUILD_DIR)/XCFrameworkIntermediates";
				PRODUCT_BUNDLE_IDENTIFIER = UnlateBoard.UnLateBoard;
				PRODUCT_NAME = "$(TARGET_NAME)";
				SWIFT_EMIT_LOC_STRINGS = YES;
				SWIFT_VERSION = 5.0;
				TARGETED_DEVICE_FAMILY = "1,2";
			};
			name = Release;
		};
		58584E9B2DBD9605003F68CC /* Debug */ = {
			isa = XCBuildConfiguration;
			baseConfigurationReference = A3B389DB7895EAEE040DD1C9 /* Pods-UnLateBoardTests.debug.xcconfig */;
			buildSettings = {
				BUNDLE_LOADER = "$(TEST_HOST)";
				CODE_SIGN_STYLE = Automatic;
				CURRENT_PROJECT_VERSION = 1;
				GENERATE_INFOPLIST_FILE = YES;
				IPHONEOS_DEPLOYMENT_TARGET = 18.4;
				MARKETING_VERSION = 1.0;
				PRODUCT_BUNDLE_IDENTIFIER = UnlateBoard.UnLateBoardTests;
				PRODUCT_NAME = "$(TARGET_NAME)";
				SWIFT_EMIT_LOC_STRINGS = NO;
				SWIFT_VERSION = 5.0;
				TARGETED_DEVICE_FAMILY = "1,2";
				TEST_HOST = "$(BUILT_PRODUCTS_DIR)/UnLateBoard.app/$(BUNDLE_EXECUTABLE_FOLDER_PATH)/UnLateBoard";
			};
			name = Debug;
		};
		58584E9C2DBD9605003F68CC /* Release */ = {
			isa = XCBuildConfiguration;
			baseConfigurationReference = 601EF26B040E89CB5EA64A5E /* Pods-UnLateBoardTests.release.xcconfig */;
			buildSettings = {
				BUNDLE_LOADER = "$(TEST_HOST)";
				CODE_SIGN_STYLE = Automatic;
				CURRENT_PROJECT_VERSION = 1;
				GENERATE_INFOPLIST_FILE = YES;
				IPHONEOS_DEPLOYMENT_TARGET = 18.4;
				MARKETING_VERSION = 1.0;
				PRODUCT_BUNDLE_IDENTIFIER = UnlateBoard.UnLateBoardTests;
				PRODUCT_NAME = "$(TARGET_NAME)";
				SWIFT_EMIT_LOC_STRINGS = NO;
				SWIFT_VERSION = 5.0;
				TARGETED_DEVICE_FAMILY = "1,2";
				TEST_HOST = "$(BUILT_PRODUCTS_DIR)/UnLateBoard.app/$(BUNDLE_EXECUTABLE_FOLDER_PATH)/UnLateBoard";
			};
			name = Release;
		};
		58584E9E2DBD9605003F68CC /* Debug */ = {
			isa = XCBuildConfiguration;
			baseConfigurationReference = A9097900ED0E228BC3724530 /* Pods-UnLateBoard-UnLateBoardUITests.debug.xcconfig */;
			buildSettings = {
				CODE_SIGN_STYLE = Automatic;
				CURRENT_PROJECT_VERSION = 1;
				GENERATE_INFOPLIST_FILE = YES;
				MARKETING_VERSION = 1.0;
				PRODUCT_BUNDLE_IDENTIFIER = UnlateBoard.UnLateBoardUITests;
				PRODUCT_NAME = "$(TARGET_NAME)";
				SWIFT_EMIT_LOC_STRINGS = NO;
				SWIFT_VERSION = 5.0;
				TARGETED_DEVICE_FAMILY = "1,2";
				TEST_TARGET_NAME = UnLateBoard;
			};
			name = Debug;
		};
		58584E9F2DBD9605003F68CC /* Release */ = {
			isa = XCBuildConfiguration;
			baseConfigurationReference = 2813A6CFB582B68352C1EF05 /* Pods-UnLateBoard-UnLateBoardUITests.release.xcconfig */;
			buildSettings = {
				CODE_SIGN_STYLE = Automatic;
				CURRENT_PROJECT_VERSION = 1;
				GENERATE_INFOPLIST_FILE = YES;
				MARKETING_VERSION = 1.0;
				PRODUCT_BUNDLE_IDENTIFIER = UnlateBoard.UnLateBoardUITests;
				PRODUCT_NAME = "$(TARGET_NAME)";
				SWIFT_EMIT_LOC_STRINGS = NO;
				SWIFT_VERSION = 5.0;
				TARGETED_DEVICE_FAMILY = "1,2";
				TEST_TARGET_NAME = UnLateBoard;
			};
			name = Release;
		};
/* End XCBuildConfiguration section */

/* Begin XCConfigurationList section */
		58584E712DBD9603003F68CC /* Build configuration list for PBXProject "UnLateBoard" */ = {
			isa = XCConfigurationList;
			buildConfigurations = (
				58584E952DBD9605003F68CC /* Debug */,
				58584E962DBD9605003F68CC /* Release */,
			);
			defaultConfigurationIsVisible = 0;
			defaultConfigurationName = Release;
		};
		58584E972DBD9605003F68CC /* Build configuration list for PBXNativeTarget "UnLateBoard" */ = {
			isa = XCConfigurationList;
			buildConfigurations = (
				58584E982DBD9605003F68CC /* Debug */,
				58584E992DBD9605003F68CC /* Release */,
			);
			defaultConfigurationIsVisible = 0;
			defaultConfigurationName = Release;
		};
		58584E9A2DBD9605003F68CC /* Build configuration list for PBXNativeTarget "UnLateBoardTests" */ = {
			isa = XCConfigurationList;
			buildConfigurations = (
				58584E9B2DBD9605003F68CC /* Debug */,
				58584E9C2DBD9605003F68CC /* Release */,
			);
			defaultConfigurationIsVisible = 0;
			defaultConfigurationName = Release;
		};
		58584E9D2DBD9605003F68CC /* Build configuration list for PBXNativeTarget "UnLateBoardUITests" */ = {
			isa = XCConfigurationList;
			buildConfigurations = (
				58584E9E2DBD9605003F68CC /* Debug */,
				58584E9F2DBD9605003F68CC /* Release */,
			);
			defaultConfigurationIsVisible = 0;
			defaultConfigurationName = Release;
		};
/* End XCConfigurationList section */
	};
	rootObject = 58584E6E2DBD9603003F68CC /* Project object */;
}
